
Microsoft Visual Studio Solution File, Format Version 12.00
# Visual Studio Version 17
VisualStudioVersion = 17.0.31903.59
MinimumVisualStudioVersion = 10.0.40219.1
Project("{FAE04EC0-301F-11D3-BF4B-00C04F79EFBC}") = "PeopleApp", "PeopleApp\PeopleApp.csproj", "{EC381CB4-8481-4DC6-AED3-3E03E509AEAC}"
EndProject
Project("{FAE04EC0-301F-11D3-BF4B-00C04F79EFBC}") = "PacktLibrary", "PacktLibrary\PacktLibrary.csproj", "{D0EA595E-F82D-45B4-87CC-A196D079D7B3}"
EndProject
Global
	GlobalSection(SolutionConfigurationPlatforms) = preSolution
		Debug|Any CPU = Debug|Any CPU
		Release|Any CPU = Release|Any CPU
	EndGlobalSection
	GlobalSection(SolutionProperties) = preSolution
		HideSolutionNode = FALSE
	EndGlobalSection
	GlobalSection(ProjectConfigurationPlatforms) = postSolution
		{EC381CB4-8481-4DC6-AED3-3E03E509AEAC}.Debug|Any CPU.ActiveCfg = Debug|Any CPU
		{EC381CB4-8481-4DC6-AED3-3E03E509AEAC}.Debug|Any CPU.Build.0 = Debug|Any CPU
		{EC381CB4-8481-4DC6-AED3-3E03E509AEAC}.Release|Any CPU.ActiveCfg = Release|Any CPU
		{EC381CB4-8481-4DC6-AED3-3E03E509AEAC}.Release|Any CPU.Build.0 = Release|Any CPU
		{D0EA595E-F82D-45B4-87CC-A196D079D7B3}.Debug|Any CPU.ActiveCfg = Debug|Any CPU
		{D0EA595E-F82D-45B4-87CC-A196D079D7B3}.Debug|Any CPU.Build.0 = Debug|Any CPU
		{D0EA595E-F82D-45B4-87CC-A196D079D7B3}.Release|Any CPU.ActiveCfg = Release|Any CPU
		{D0EA595E-F82D-45B4-87CC-A196D079D7B3}.Release|Any CPU.Build.0 = Release|Any CPU
	EndGlobalSection
EndGlobal
