
Microsoft Visual Studio Solution File, Format Version 12.00
# Visual Studio Version 17
VisualStudioVersion = 17.5.002.0
MinimumVisualStudioVersion = 10.0.40219.1
Project("{9A19103F-16F7-4668-BE54-9A1E7A4F7556}") = "WritingFunctions", "WritingFunctions\WritingFunctions.csproj", "{2AE10197-F053-48AF-86BE-AEB0BFE2BF64}"
EndProject
Project("{9A19103F-16F7-4668-BE54-9A1E7A4F7556}") = "SwitchInSwitchFunctions", "SwitchInSwitchFunctions\SwitchInSwitchFunctions.csproj", "{02369F16-9950-4031-B9FD-71A9A30F448B}"
EndProject
Project("{FAE04EC0-301F-11D3-BF4B-00C04F79EFBC}") = "Debugging", "Debugging\Debugging.csproj", "{FBF72133-6BC0-46A6-ADE0-BB1A272B10BB}"
EndProject
Project("{FAE04EC0-301F-11D3-BF4B-00C04F79EFBC}") = "CalcllatorLib2", "CalcllatorLib2\CalcllatorLib2.csproj", "{CE10B5CE-F9A7-4158-930E-18408BE5AB64}"
EndProject
Project("{FAE04EC0-301F-11D3-BF4B-00C04F79EFBC}") = "ClassLibrary1", "ClassLibrary1\ClassLibrary1.csproj", "{60FF3B4B-3AB7-4F38-8D00-EDA1F4BD83DC}"
EndProject
Project("{FAE04EC0-301F-11D3-BF4B-00C04F79EFBC}") = "TestProject1", "TestProject1\TestProject1.csproj", "{74993431-FE6B-41FC-9685-D6935FB9C06B}"
EndProject
Global
	GlobalSection(SolutionConfigurationPlatforms) = preSolution
		Debug|Any CPU = Debug|Any CPU
		Release|Any CPU = Release|Any CPU
	EndGlobalSection
	GlobalSection(ProjectConfigurationPlatforms) = postSolution
		{2AE10197-F053-48AF-86BE-AEB0BFE2BF64}.Debug|Any CPU.ActiveCfg = Debug|Any CPU
		{2AE10197-F053-48AF-86BE-AEB0BFE2BF64}.Debug|Any CPU.Build.0 = Debug|Any CPU
		{2AE10197-F053-48AF-86BE-AEB0BFE2BF64}.Release|Any CPU.ActiveCfg = Release|Any CPU
		{2AE10197-F053-48AF-86BE-AEB0BFE2BF64}.Release|Any CPU.Build.0 = Release|Any CPU
		{02369F16-9950-4031-B9FD-71A9A30F448B}.Debug|Any CPU.ActiveCfg = Debug|Any CPU
		{02369F16-9950-4031-B9FD-71A9A30F448B}.Debug|Any CPU.Build.0 = Debug|Any CPU
		{02369F16-9950-4031-B9FD-71A9A30F448B}.Release|Any CPU.ActiveCfg = Release|Any CPU
		{02369F16-9950-4031-B9FD-71A9A30F448B}.Release|Any CPU.Build.0 = Release|Any CPU
		{FBF72133-6BC0-46A6-ADE0-BB1A272B10BB}.Debug|Any CPU.ActiveCfg = Debug|Any CPU
		{FBF72133-6BC0-46A6-ADE0-BB1A272B10BB}.Debug|Any CPU.Build.0 = Debug|Any CPU
		{FBF72133-6BC0-46A6-ADE0-BB1A272B10BB}.Release|Any CPU.ActiveCfg = Release|Any CPU
		{FBF72133-6BC0-46A6-ADE0-BB1A272B10BB}.Release|Any CPU.Build.0 = Release|Any CPU
		{CE10B5CE-F9A7-4158-930E-18408BE5AB64}.Debug|Any CPU.ActiveCfg = Debug|Any CPU
		{CE10B5CE-F9A7-4158-930E-18408BE5AB64}.Debug|Any CPU.Build.0 = Debug|Any CPU
		{CE10B5CE-F9A7-4158-930E-18408BE5AB64}.Release|Any CPU.ActiveCfg = Release|Any CPU
		{CE10B5CE-F9A7-4158-930E-18408BE5AB64}.Release|Any CPU.Build.0 = Release|Any CPU
		{60FF3B4B-3AB7-4F38-8D00-EDA1F4BD83DC}.Debug|Any CPU.ActiveCfg = Debug|Any CPU
		{60FF3B4B-3AB7-4F38-8D00-EDA1F4BD83DC}.Debug|Any CPU.Build.0 = Debug|Any CPU
		{60FF3B4B-3AB7-4F38-8D00-EDA1F4BD83DC}.Release|Any CPU.ActiveCfg = Release|Any CPU
		{60FF3B4B-3AB7-4F38-8D00-EDA1F4BD83DC}.Release|Any CPU.Build.0 = Release|Any CPU
		{74993431-FE6B-41FC-9685-D6935FB9C06B}.Debug|Any CPU.ActiveCfg = Debug|Any CPU
		{74993431-FE6B-41FC-9685-D6935FB9C06B}.Debug|Any CPU.Build.0 = Debug|Any CPU
		{74993431-FE6B-41FC-9685-D6935FB9C06B}.Release|Any CPU.ActiveCfg = Release|Any CPU
		{74993431-FE6B-41FC-9685-D6935FB9C06B}.Release|Any CPU.Build.0 = Release|Any CPU
	EndGlobalSection
	GlobalSection(SolutionProperties) = preSolution
		HideSolutionNode = FALSE
	EndGlobalSection
	GlobalSection(ExtensibilityGlobals) = postSolution
		SolutionGuid = {BF6BE6DF-2AC5-4E4B-8756-DA85D85C77E5}
	EndGlobalSection
EndGlobal
